
Microsoft Visual Studio Solution File, Format Version 12.00
# Visual Studio Version 16
VisualStudioVersion = 16.0.29609.76
MinimumVisualStudioVersion = 10.0.40219.1
Project("{D954291E-2A0B-460D-934E-DC6B0785DB48}") = "UnoDesigner.Shared", "UnoDesigner\UnoDesigner.Shared\UnoDesigner.Shared.shproj", "{6279C845-92F8-4333-AB99-3D213163593C}"
EndProject
Project("{FAE04EC0-301F-11D3-BF4B-00C04F79EFBC}") = "UnoDesigner.Droid", "UnoDesigner\UnoDesigner.Droid\UnoDesigner.Droid.csproj", "{D47E3A53-B69F-43B4-8D6E-06E060E49ED5}"
EndProject
Project("{FAE04EC0-301F-11D3-BF4B-00C04F79EFBC}") = "UnoDesigner.iOS", "UnoDesigner\UnoDesigner.iOS\UnoDesigner.iOS.csproj", "{ABD712BD-8347-41AA-969B-DE0ADCB20234}"
EndProject
Project("{FAE04EC0-301F-11D3-BF4B-00C04F79EFBC}") = "UnoDesigner.UWP", "UnoDesigner\UnoDesigner.UWP\UnoDesigner.UWP.csproj", "{CC3EEAF0-0F94-42F9-8086-CD2BEDCFCF93}"
EndProject
Project("{9A19103F-16F7-4668-BE54-9A1E7A4F7556}") = "UnoDesigner.Wasm", "UnoDesigner\UnoDesigner.Wasm\UnoDesigner.Wasm.csproj", "{951BA517-9FF1-4FA3-BEE8-9ED915E49E61}"
EndProject
Project("{9A19103F-16F7-4668-BE54-9A1E7A4F7556}") = "Zafiro.Uwp.Design.Uno", "Zafiro.Uwp.Design.Uno\Zafiro.Uwp.Design.Uno.csproj", "{87BA0B8C-4440-4FC7-929E-84DA996E6F56}"
EndProject
Project("{2150E333-8FDC-42A3-9474-1A3956D46DE8}") = "Zafiro", "Zafiro", "{7AA704E7-7D2A-4AAB-BC18-1D99A4434624}"
EndProject
Project("{9A19103F-16F7-4668-BE54-9A1E7A4F7556}") = "Designer.Core", "ZafiroDesigner.Core\Designer.Core\Designer.Core.csproj", "{E9E0A681-B6FF-4E76-8BE0-5646531E65BB}"
EndProject
Project("{9A19103F-16F7-4668-BE54-9A1E7A4F7556}") = "Designer.Domain.Models", "ZafiroDesigner.Core\Designer.Domain.Models\Designer.Domain.Models.csproj", "{F0C1644F-2E23-46BE-BC73-998663E775EC}"
EndProject
Project("{9A19103F-16F7-4668-BE54-9A1E7A4F7556}") = "Designer.Domain.ViewModels", "ZafiroDesigner.Core\Designer.Domain.ViewModels\Designer.Domain.ViewModels.csproj", "{F1EC2921-EBDA-40C5-906D-B30EC5F5F1F5}"
EndProject
Project("{9A19103F-16F7-4668-BE54-9A1E7A4F7556}") = "Zafiro.Core", "ZafiroDesigner.Core\Zafiro\Source\Zafiro.Core\Zafiro.Core.csproj", "{16988849-23C6-47DF-A22F-3C5EFC558543}"
EndProject
Global
	GlobalSection(SharedMSBuildProjectFiles) = preSolution
		UnoDesigner\UnoDesigner.Shared\UnoDesigner.Shared.projitems*{6279c845-92f8-4333-ab99-3d213163593c}*SharedItemsImports = 13
		UnoDesigner\UnoDesigner.Shared\UnoDesigner.Shared.projitems*{cc3eeaf0-0f94-42f9-8086-cd2bedcfcf93}*SharedItemsImports = 4
		UnoDesigner\UnoDesigner.Shared\UnoDesigner.Shared.projitems*{d47e3a53-b69f-43b4-8d6e-06e060e49ed5}*SharedItemsImports = 4
	EndGlobalSection
	GlobalSection(SolutionConfigurationPlatforms) = preSolution
		Ad-Hoc|Any CPU = Ad-Hoc|Any CPU
		Ad-Hoc|ARM = Ad-Hoc|ARM
		Ad-Hoc|ARM64 = Ad-Hoc|ARM64
		Ad-Hoc|iPhone = Ad-Hoc|iPhone
		Ad-Hoc|iPhoneSimulator = Ad-Hoc|iPhoneSimulator
		Ad-Hoc|x64 = Ad-Hoc|x64
		Ad-Hoc|x86 = Ad-Hoc|x86
		AppStore|Any CPU = AppStore|Any CPU
		AppStore|ARM = AppStore|ARM
		AppStore|ARM64 = AppStore|ARM64
		AppStore|iPhone = AppStore|iPhone
		AppStore|iPhoneSimulator = AppStore|iPhoneSimulator
		AppStore|x64 = AppStore|x64
		AppStore|x86 = AppStore|x86
		Debug|Any CPU = Debug|Any CPU
		Debug|ARM = Debug|ARM
		Debug|ARM64 = Debug|ARM64
		Debug|iPhone = Debug|iPhone
		Debug|iPhoneSimulator = Debug|iPhoneSimulator
		Debug|x64 = Debug|x64
		Debug|x86 = Debug|x86
		Release|Any CPU = Release|Any CPU
		Release|ARM = Release|ARM
		Release|ARM64 = Release|ARM64
		Release|iPhone = Release|iPhone
		Release|iPhoneSimulator = Release|iPhoneSimulator
		Release|x64 = Release|x64
		Release|x86 = Release|x86
	EndGlobalSection
	GlobalSection(ProjectConfigurationPlatforms) = postSolution
		{D47E3A53-B69F-43B4-8D6E-06E060E49ED5}.Ad-Hoc|Any CPU.ActiveCfg = Release|Any CPU
		{D47E3A53-B69F-43B4-8D6E-06E060E49ED5}.Ad-Hoc|Any CPU.Build.0 = Release|Any CPU
		{D47E3A53-B69F-43B4-8D6E-06E060E49ED5}.Ad-Hoc|Any CPU.Deploy.0 = Release|Any CPU
		{D47E3A53-B69F-43B4-8D6E-06E060E49ED5}.Ad-Hoc|ARM.ActiveCfg = Release|Any CPU
		{D47E3A53-B69F-43B4-8D6E-06E060E49ED5}.Ad-Hoc|ARM.Build.0 = Release|Any CPU
		{D47E3A53-B69F-43B4-8D6E-06E060E49ED5}.Ad-Hoc|ARM.Deploy.0 = Release|Any CPU
		{D47E3A53-B69F-43B4-8D6E-06E060E49ED5}.Ad-Hoc|ARM64.ActiveCfg = Debug|Any CPU
		{D47E3A53-B69F-43B4-8D6E-06E060E49ED5}.Ad-Hoc|ARM64.Build.0 = Debug|Any CPU
		{D47E3A53-B69F-43B4-8D6E-06E060E49ED5}.Ad-Hoc|ARM64.Deploy.0 = Debug|Any CPU
		{D47E3A53-B69F-43B4-8D6E-06E060E49ED5}.Ad-Hoc|iPhone.ActiveCfg = Release|Any CPU
		{D47E3A53-B69F-43B4-8D6E-06E060E49ED5}.Ad-Hoc|iPhone.Build.0 = Release|Any CPU
		{D47E3A53-B69F-43B4-8D6E-06E060E49ED5}.Ad-Hoc|iPhone.Deploy.0 = Release|Any CPU
		{D47E3A53-B69F-43B4-8D6E-06E060E49ED5}.Ad-Hoc|iPhoneSimulator.ActiveCfg = Release|Any CPU
		{D47E3A53-B69F-43B4-8D6E-06E060E49ED5}.Ad-Hoc|iPhoneSimulator.Build.0 = Release|Any CPU
		{D47E3A53-B69F-43B4-8D6E-06E060E49ED5}.Ad-Hoc|iPhoneSimulator.Deploy.0 = Release|Any CPU
		{D47E3A53-B69F-43B4-8D6E-06E060E49ED5}.Ad-Hoc|x64.ActiveCfg = Release|Any CPU
		{D47E3A53-B69F-43B4-8D6E-06E060E49ED5}.Ad-Hoc|x64.Build.0 = Release|Any CPU
		{D47E3A53-B69F-43B4-8D6E-06E060E49ED5}.Ad-Hoc|x64.Deploy.0 = Release|Any CPU
		{D47E3A53-B69F-43B4-8D6E-06E060E49ED5}.Ad-Hoc|x86.ActiveCfg = Release|Any CPU
		{D47E3A53-B69F-43B4-8D6E-06E060E49ED5}.Ad-Hoc|x86.Build.0 = Release|Any CPU
		{D47E3A53-B69F-43B4-8D6E-06E060E49ED5}.Ad-Hoc|x86.Deploy.0 = Release|Any CPU
		{D47E3A53-B69F-43B4-8D6E-06E060E49ED5}.AppStore|Any CPU.ActiveCfg = Release|Any CPU
		{D47E3A53-B69F-43B4-8D6E-06E060E49ED5}.AppStore|Any CPU.Build.0 = Release|Any CPU
		{D47E3A53-B69F-43B4-8D6E-06E060E49ED5}.AppStore|Any CPU.Deploy.0 = Release|Any CPU
		{D47E3A53-B69F-43B4-8D6E-06E060E49ED5}.AppStore|ARM.ActiveCfg = Release|Any CPU
		{D47E3A53-B69F-43B4-8D6E-06E060E49ED5}.AppStore|ARM.Build.0 = Release|Any CPU
		{D47E3A53-B69F-43B4-8D6E-06E060E49ED5}.AppStore|ARM.Deploy.0 = Release|Any CPU
		{D47E3A53-B69F-43B4-8D6E-06E060E49ED5}.AppStore|ARM64.ActiveCfg = Debug|Any CPU
		{D47E3A53-B69F-43B4-8D6E-06E060E49ED5}.AppStore|ARM64.Build.0 = Debug|Any CPU
		{D47E3A53-B69F-43B4-8D6E-06E060E49ED5}.AppStore|ARM64.Deploy.0 = Debug|Any CPU
		{D47E3A53-B69F-43B4-8D6E-06E060E49ED5}.AppStore|iPhone.ActiveCfg = Release|Any CPU
		{D47E3A53-B69F-43B4-8D6E-06E060E49ED5}.AppStore|iPhone.Build.0 = Release|Any CPU
		{D47E3A53-B69F-43B4-8D6E-06E060E49ED5}.AppStore|iPhone.Deploy.0 = Release|Any CPU
		{D47E3A53-B69F-43B4-8D6E-06E060E49ED5}.AppStore|iPhoneSimulator.ActiveCfg = Release|Any CPU
		{D47E3A53-B69F-43B4-8D6E-06E060E49ED5}.AppStore|iPhoneSimulator.Build.0 = Release|Any CPU
		{D47E3A53-B69F-43B4-8D6E-06E060E49ED5}.AppStore|iPhoneSimulator.Deploy.0 = Release|Any CPU
		{D47E3A53-B69F-43B4-8D6E-06E060E49ED5}.AppStore|x64.ActiveCfg = Release|Any CPU
		{D47E3A53-B69F-43B4-8D6E-06E060E49ED5}.AppStore|x64.Build.0 = Release|Any CPU
		{D47E3A53-B69F-43B4-8D6E-06E060E49ED5}.AppStore|x64.Deploy.0 = Release|Any CPU
		{D47E3A53-B69F-43B4-8D6E-06E060E49ED5}.AppStore|x86.ActiveCfg = Release|Any CPU
		{D47E3A53-B69F-43B4-8D6E-06E060E49ED5}.AppStore|x86.Build.0 = Release|Any CPU
		{D47E3A53-B69F-43B4-8D6E-06E060E49ED5}.AppStore|x86.Deploy.0 = Release|Any CPU
		{D47E3A53-B69F-43B4-8D6E-06E060E49ED5}.Debug|Any CPU.ActiveCfg = Debug|Any CPU
		{D47E3A53-B69F-43B4-8D6E-06E060E49ED5}.Debug|Any CPU.Build.0 = Debug|Any CPU
		{D47E3A53-B69F-43B4-8D6E-06E060E49ED5}.Debug|Any CPU.Deploy.0 = Debug|Any CPU
		{D47E3A53-B69F-43B4-8D6E-06E060E49ED5}.Debug|ARM.ActiveCfg = Debug|Any CPU
		{D47E3A53-B69F-43B4-8D6E-06E060E49ED5}.Debug|ARM.Build.0 = Debug|Any CPU
		{D47E3A53-B69F-43B4-8D6E-06E060E49ED5}.Debug|ARM.Deploy.0 = Debug|Any CPU
		{D47E3A53-B69F-43B4-8D6E-06E060E49ED5}.Debug|ARM64.ActiveCfg = Debug|Any CPU
		{D47E3A53-B69F-43B4-8D6E-06E060E49ED5}.Debug|ARM64.Build.0 = Debug|Any CPU
		{D47E3A53-B69F-43B4-8D6E-06E060E49ED5}.Debug|ARM64.Deploy.0 = Debug|Any CPU
		{D47E3A53-B69F-43B4-8D6E-06E060E49ED5}.Debug|iPhone.ActiveCfg = Debug|Any CPU
		{D47E3A53-B69F-43B4-8D6E-06E060E49ED5}.Debug|iPhone.Build.0 = Debug|Any CPU
		{D47E3A53-B69F-43B4-8D6E-06E060E49ED5}.Debug|iPhone.Deploy.0 = Debug|Any CPU
		{D47E3A53-B69F-43B4-8D6E-06E060E49ED5}.Debug|iPhoneSimulator.ActiveCfg = Debug|Any CPU
		{D47E3A53-B69F-43B4-8D6E-06E060E49ED5}.Debug|iPhoneSimulator.Build.0 = Debug|Any CPU
		{D47E3A53-B69F-43B4-8D6E-06E060E49ED5}.Debug|iPhoneSimulator.Deploy.0 = Debug|Any CPU
		{D47E3A53-B69F-43B4-8D6E-06E060E49ED5}.Debug|x64.ActiveCfg = Debug|Any CPU
		{D47E3A53-B69F-43B4-8D6E-06E060E49ED5}.Debug|x64.Build.0 = Debug|Any CPU
		{D47E3A53-B69F-43B4-8D6E-06E060E49ED5}.Debug|x64.Deploy.0 = Debug|Any CPU
		{D47E3A53-B69F-43B4-8D6E-06E060E49ED5}.Debug|x86.ActiveCfg = Debug|Any CPU
		{D47E3A53-B69F-43B4-8D6E-06E060E49ED5}.Debug|x86.Build.0 = Debug|Any CPU
		{D47E3A53-B69F-43B4-8D6E-06E060E49ED5}.Debug|x86.Deploy.0 = Debug|Any CPU
		{D47E3A53-B69F-43B4-8D6E-06E060E49ED5}.Release|Any CPU.ActiveCfg = Release|Any CPU
		{D47E3A53-B69F-43B4-8D6E-06E060E49ED5}.Release|Any CPU.Build.0 = Release|Any CPU
		{D47E3A53-B69F-43B4-8D6E-06E060E49ED5}.Release|Any CPU.Deploy.0 = Release|Any CPU
		{D47E3A53-B69F-43B4-8D6E-06E060E49ED5}.Release|ARM.ActiveCfg = Release|Any CPU
		{D47E3A53-B69F-43B4-8D6E-06E060E49ED5}.Release|ARM.Build.0 = Release|Any CPU
		{D47E3A53-B69F-43B4-8D6E-06E060E49ED5}.Release|ARM.Deploy.0 = Release|Any CPU
		{D47E3A53-B69F-43B4-8D6E-06E060E49ED5}.Release|ARM64.ActiveCfg = Release|Any CPU
		{D47E3A53-B69F-43B4-8D6E-06E060E49ED5}.Release|ARM64.Build.0 = Release|Any CPU
		{D47E3A53-B69F-43B4-8D6E-06E060E49ED5}.Release|ARM64.Deploy.0 = Release|Any CPU
		{D47E3A53-B69F-43B4-8D6E-06E060E49ED5}.Release|iPhone.ActiveCfg = Release|Any CPU
		{D47E3A53-B69F-43B4-8D6E-06E060E49ED5}.Release|iPhone.Build.0 = Release|Any CPU
		{D47E3A53-B69F-43B4-8D6E-06E060E49ED5}.Release|iPhone.Deploy.0 = Release|Any CPU
		{D47E3A53-B69F-43B4-8D6E-06E060E49ED5}.Release|iPhoneSimulator.ActiveCfg = Release|Any CPU
		{D47E3A53-B69F-43B4-8D6E-06E060E49ED5}.Release|iPhoneSimulator.Build.0 = Release|Any CPU
		{D47E3A53-B69F-43B4-8D6E-06E060E49ED5}.Release|iPhoneSimulator.Deploy.0 = Release|Any CPU
		{D47E3A53-B69F-43B4-8D6E-06E060E49ED5}.Release|x64.ActiveCfg = Release|Any CPU
		{D47E3A53-B69F-43B4-8D6E-06E060E49ED5}.Release|x64.Build.0 = Release|Any CPU
		{D47E3A53-B69F-43B4-8D6E-06E060E49ED5}.Release|x64.Deploy.0 = Release|Any CPU
		{D47E3A53-B69F-43B4-8D6E-06E060E49ED5}.Release|x86.ActiveCfg = Release|Any CPU
		{D47E3A53-B69F-43B4-8D6E-06E060E49ED5}.Release|x86.Build.0 = Release|Any CPU
		{D47E3A53-B69F-43B4-8D6E-06E060E49ED5}.Release|x86.Deploy.0 = Release|Any CPU
		{ABD712BD-8347-41AA-969B-DE0ADCB20234}.Ad-Hoc|Any CPU.ActiveCfg = Ad-Hoc|iPhone
		{ABD712BD-8347-41AA-969B-DE0ADCB20234}.Ad-Hoc|ARM.ActiveCfg = Ad-Hoc|iPhone
		{ABD712BD-8347-41AA-969B-DE0ADCB20234}.Ad-Hoc|ARM64.ActiveCfg = Ad-Hoc|iPhoneSimulator
		{ABD712BD-8347-41AA-969B-DE0ADCB20234}.Ad-Hoc|iPhone.ActiveCfg = Ad-Hoc|iPhone
		{ABD712BD-8347-41AA-969B-DE0ADCB20234}.Ad-Hoc|iPhone.Build.0 = Ad-Hoc|iPhone
		{ABD712BD-8347-41AA-969B-DE0ADCB20234}.Ad-Hoc|iPhoneSimulator.ActiveCfg = Ad-Hoc|iPhoneSimulator
		{ABD712BD-8347-41AA-969B-DE0ADCB20234}.Ad-Hoc|iPhoneSimulator.Build.0 = Ad-Hoc|iPhoneSimulator
		{ABD712BD-8347-41AA-969B-DE0ADCB20234}.Ad-Hoc|x64.ActiveCfg = Ad-Hoc|iPhone
		{ABD712BD-8347-41AA-969B-DE0ADCB20234}.Ad-Hoc|x86.ActiveCfg = Ad-Hoc|iPhone
		{ABD712BD-8347-41AA-969B-DE0ADCB20234}.AppStore|Any CPU.ActiveCfg = AppStore|iPhone
		{ABD712BD-8347-41AA-969B-DE0ADCB20234}.AppStore|ARM.ActiveCfg = AppStore|iPhone
		{ABD712BD-8347-41AA-969B-DE0ADCB20234}.AppStore|ARM64.ActiveCfg = AppStore|iPhoneSimulator
		{ABD712BD-8347-41AA-969B-DE0ADCB20234}.AppStore|iPhone.ActiveCfg = AppStore|iPhone
		{ABD712BD-8347-41AA-969B-DE0ADCB20234}.AppStore|iPhone.Build.0 = AppStore|iPhone
		{ABD712BD-8347-41AA-969B-DE0ADCB20234}.AppStore|iPhoneSimulator.ActiveCfg = AppStore|iPhoneSimulator
		{ABD712BD-8347-41AA-969B-DE0ADCB20234}.AppStore|iPhoneSimulator.Build.0 = AppStore|iPhoneSimulator
		{ABD712BD-8347-41AA-969B-DE0ADCB20234}.AppStore|x64.ActiveCfg = AppStore|iPhone
		{ABD712BD-8347-41AA-969B-DE0ADCB20234}.AppStore|x86.ActiveCfg = AppStore|iPhone
		{ABD712BD-8347-41AA-969B-DE0ADCB20234}.Debug|Any CPU.ActiveCfg = Debug|iPhone
		{ABD712BD-8347-41AA-969B-DE0ADCB20234}.Debug|ARM.ActiveCfg = Debug|iPhone
		{ABD712BD-8347-41AA-969B-DE0ADCB20234}.Debug|ARM64.ActiveCfg = Debug|iPhoneSimulator
		{ABD712BD-8347-41AA-969B-DE0ADCB20234}.Debug|iPhone.ActiveCfg = Debug|iPhone
		{ABD712BD-8347-41AA-969B-DE0ADCB20234}.Debug|iPhone.Build.0 = Debug|iPhone
		{ABD712BD-8347-41AA-969B-DE0ADCB20234}.Debug|iPhoneSimulator.ActiveCfg = Debug|iPhoneSimulator
		{ABD712BD-8347-41AA-969B-DE0ADCB20234}.Debug|iPhoneSimulator.Build.0 = Debug|iPhoneSimulator
		{ABD712BD-8347-41AA-969B-DE0ADCB20234}.Debug|x64.ActiveCfg = Debug|iPhone
		{ABD712BD-8347-41AA-969B-DE0ADCB20234}.Debug|x86.ActiveCfg = Debug|iPhone
		{ABD712BD-8347-41AA-969B-DE0ADCB20234}.Release|Any CPU.ActiveCfg = Release|iPhone
		{ABD712BD-8347-41AA-969B-DE0ADCB20234}.Release|ARM.ActiveCfg = Release|iPhone
		{ABD712BD-8347-41AA-969B-DE0ADCB20234}.Release|ARM64.ActiveCfg = Release|iPhoneSimulator
		{ABD712BD-8347-41AA-969B-DE0ADCB20234}.Release|iPhone.ActiveCfg = Release|iPhone
		{ABD712BD-8347-41AA-969B-DE0ADCB20234}.Release|iPhone.Build.0 = Release|iPhone
		{ABD712BD-8347-41AA-969B-DE0ADCB20234}.Release|iPhoneSimulator.ActiveCfg = Release|iPhoneSimulator
		{ABD712BD-8347-41AA-969B-DE0ADCB20234}.Release|iPhoneSimulator.Build.0 = Release|iPhoneSimulator
		{ABD712BD-8347-41AA-969B-DE0ADCB20234}.Release|x64.ActiveCfg = Release|iPhone
		{ABD712BD-8347-41AA-969B-DE0ADCB20234}.Release|x86.ActiveCfg = Release|iPhone
		{CC3EEAF0-0F94-42F9-8086-CD2BEDCFCF93}.Ad-Hoc|Any CPU.ActiveCfg = Release|x64
		{CC3EEAF0-0F94-42F9-8086-CD2BEDCFCF93}.Ad-Hoc|Any CPU.Build.0 = Release|x64
		{CC3EEAF0-0F94-42F9-8086-CD2BEDCFCF93}.Ad-Hoc|Any CPU.Deploy.0 = Release|x64
		{CC3EEAF0-0F94-42F9-8086-CD2BEDCFCF93}.Ad-Hoc|ARM.ActiveCfg = Release|ARM
		{CC3EEAF0-0F94-42F9-8086-CD2BEDCFCF93}.Ad-Hoc|ARM.Build.0 = Release|ARM
		{CC3EEAF0-0F94-42F9-8086-CD2BEDCFCF93}.Ad-Hoc|ARM.Deploy.0 = Release|ARM
		{CC3EEAF0-0F94-42F9-8086-CD2BEDCFCF93}.Ad-Hoc|ARM64.ActiveCfg = Debug|x64
		{CC3EEAF0-0F94-42F9-8086-CD2BEDCFCF93}.Ad-Hoc|ARM64.Build.0 = Debug|x64
		{CC3EEAF0-0F94-42F9-8086-CD2BEDCFCF93}.Ad-Hoc|ARM64.Deploy.0 = Debug|x64
		{CC3EEAF0-0F94-42F9-8086-CD2BEDCFCF93}.Ad-Hoc|iPhone.ActiveCfg = Release|x64
		{CC3EEAF0-0F94-42F9-8086-CD2BEDCFCF93}.Ad-Hoc|iPhone.Build.0 = Release|x64
		{CC3EEAF0-0F94-42F9-8086-CD2BEDCFCF93}.Ad-Hoc|iPhone.Deploy.0 = Release|x64
		{CC3EEAF0-0F94-42F9-8086-CD2BEDCFCF93}.Ad-Hoc|iPhoneSimulator.ActiveCfg = Release|x64
		{CC3EEAF0-0F94-42F9-8086-CD2BEDCFCF93}.Ad-Hoc|iPhoneSimulator.Build.0 = Release|x64
		{CC3EEAF0-0F94-42F9-8086-CD2BEDCFCF93}.Ad-Hoc|iPhoneSimulator.Deploy.0 = Release|x64
		{CC3EEAF0-0F94-42F9-8086-CD2BEDCFCF93}.Ad-Hoc|x64.ActiveCfg = Release|x64
		{CC3EEAF0-0F94-42F9-8086-CD2BEDCFCF93}.Ad-Hoc|x64.Build.0 = Release|x64
		{CC3EEAF0-0F94-42F9-8086-CD2BEDCFCF93}.Ad-Hoc|x64.Deploy.0 = Release|x64
		{CC3EEAF0-0F94-42F9-8086-CD2BEDCFCF93}.Ad-Hoc|x86.ActiveCfg = Release|x86
		{CC3EEAF0-0F94-42F9-8086-CD2BEDCFCF93}.Ad-Hoc|x86.Build.0 = Release|x86
		{CC3EEAF0-0F94-42F9-8086-CD2BEDCFCF93}.Ad-Hoc|x86.Deploy.0 = Release|x86
		{CC3EEAF0-0F94-42F9-8086-CD2BEDCFCF93}.AppStore|Any CPU.ActiveCfg = Release|x64
		{CC3EEAF0-0F94-42F9-8086-CD2BEDCFCF93}.AppStore|Any CPU.Build.0 = Release|x64
		{CC3EEAF0-0F94-42F9-8086-CD2BEDCFCF93}.AppStore|Any CPU.Deploy.0 = Release|x64
		{CC3EEAF0-0F94-42F9-8086-CD2BEDCFCF93}.AppStore|ARM.ActiveCfg = Release|ARM
		{CC3EEAF0-0F94-42F9-8086-CD2BEDCFCF93}.AppStore|ARM.Build.0 = Release|ARM
		{CC3EEAF0-0F94-42F9-8086-CD2BEDCFCF93}.AppStore|ARM.Deploy.0 = Release|ARM
		{CC3EEAF0-0F94-42F9-8086-CD2BEDCFCF93}.AppStore|ARM64.ActiveCfg = Debug|x64
		{CC3EEAF0-0F94-42F9-8086-CD2BEDCFCF93}.AppStore|ARM64.Build.0 = Debug|x64
		{CC3EEAF0-0F94-42F9-8086-CD2BEDCFCF93}.AppStore|ARM64.Deploy.0 = Debug|x64
		{CC3EEAF0-0F94-42F9-8086-CD2BEDCFCF93}.AppStore|iPhone.ActiveCfg = Release|x64
		{CC3EEAF0-0F94-42F9-8086-CD2BEDCFCF93}.AppStore|iPhone.Build.0 = Release|x64
		{CC3EEAF0-0F94-42F9-8086-CD2BEDCFCF93}.AppStore|iPhone.Deploy.0 = Release|x64
		{CC3EEAF0-0F94-42F9-8086-CD2BEDCFCF93}.AppStore|iPhoneSimulator.ActiveCfg = Release|x64
		{CC3EEAF0-0F94-42F9-8086-CD2BEDCFCF93}.AppStore|iPhoneSimulator.Build.0 = Release|x64
		{CC3EEAF0-0F94-42F9-8086-CD2BEDCFCF93}.AppStore|iPhoneSimulator.Deploy.0 = Release|x64
		{CC3EEAF0-0F94-42F9-8086-CD2BEDCFCF93}.AppStore|x64.ActiveCfg = Release|x64
		{CC3EEAF0-0F94-42F9-8086-CD2BEDCFCF93}.AppStore|x64.Build.0 = Release|x64
		{CC3EEAF0-0F94-42F9-8086-CD2BEDCFCF93}.AppStore|x64.Deploy.0 = Release|x64
		{CC3EEAF0-0F94-42F9-8086-CD2BEDCFCF93}.AppStore|x86.ActiveCfg = Release|x86
		{CC3EEAF0-0F94-42F9-8086-CD2BEDCFCF93}.AppStore|x86.Build.0 = Release|x86
		{CC3EEAF0-0F94-42F9-8086-CD2BEDCFCF93}.AppStore|x86.Deploy.0 = Release|x86
		{CC3EEAF0-0F94-42F9-8086-CD2BEDCFCF93}.Debug|Any CPU.ActiveCfg = Debug|x86
		{CC3EEAF0-0F94-42F9-8086-CD2BEDCFCF93}.Debug|ARM.ActiveCfg = Debug|ARM
		{CC3EEAF0-0F94-42F9-8086-CD2BEDCFCF93}.Debug|ARM.Build.0 = Debug|ARM
		{CC3EEAF0-0F94-42F9-8086-CD2BEDCFCF93}.Debug|ARM.Deploy.0 = Debug|ARM
		{CC3EEAF0-0F94-42F9-8086-CD2BEDCFCF93}.Debug|ARM64.ActiveCfg = Debug|x86
		{CC3EEAF0-0F94-42F9-8086-CD2BEDCFCF93}.Debug|iPhone.ActiveCfg = Debug|x86
		{CC3EEAF0-0F94-42F9-8086-CD2BEDCFCF93}.Debug|iPhoneSimulator.ActiveCfg = Debug|x86
		{CC3EEAF0-0F94-42F9-8086-CD2BEDCFCF93}.Debug|x64.ActiveCfg = Debug|x64
		{CC3EEAF0-0F94-42F9-8086-CD2BEDCFCF93}.Debug|x64.Build.0 = Debug|x64
		{CC3EEAF0-0F94-42F9-8086-CD2BEDCFCF93}.Debug|x64.Deploy.0 = Debug|x64
		{CC3EEAF0-0F94-42F9-8086-CD2BEDCFCF93}.Debug|x86.ActiveCfg = Debug|x86
		{CC3EEAF0-0F94-42F9-8086-CD2BEDCFCF93}.Debug|x86.Build.0 = Debug|x86
		{CC3EEAF0-0F94-42F9-8086-CD2BEDCFCF93}.Debug|x86.Deploy.0 = Debug|x86
		{CC3EEAF0-0F94-42F9-8086-CD2BEDCFCF93}.Release|Any CPU.ActiveCfg = Release|x86
		{CC3EEAF0-0F94-42F9-8086-CD2BEDCFCF93}.Release|ARM.ActiveCfg = Release|ARM
		{CC3EEAF0-0F94-42F9-8086-CD2BEDCFCF93}.Release|ARM.Build.0 = Release|ARM
		{CC3EEAF0-0F94-42F9-8086-CD2BEDCFCF93}.Release|ARM.Deploy.0 = Release|ARM
		{CC3EEAF0-0F94-42F9-8086-CD2BEDCFCF93}.Release|ARM64.ActiveCfg = Release|x86
		{CC3EEAF0-0F94-42F9-8086-CD2BEDCFCF93}.Release|iPhone.ActiveCfg = Release|x86
		{CC3EEAF0-0F94-42F9-8086-CD2BEDCFCF93}.Release|iPhoneSimulator.ActiveCfg = Release|x86
		{CC3EEAF0-0F94-42F9-8086-CD2BEDCFCF93}.Release|x64.ActiveCfg = Release|x64
		{CC3EEAF0-0F94-42F9-8086-CD2BEDCFCF93}.Release|x64.Build.0 = Release|x64
		{CC3EEAF0-0F94-42F9-8086-CD2BEDCFCF93}.Release|x64.Deploy.0 = Release|x64
		{CC3EEAF0-0F94-42F9-8086-CD2BEDCFCF93}.Release|x86.ActiveCfg = Release|x86
		{CC3EEAF0-0F94-42F9-8086-CD2BEDCFCF93}.Release|x86.Build.0 = Release|x86
		{CC3EEAF0-0F94-42F9-8086-CD2BEDCFCF93}.Release|x86.Deploy.0 = Release|x86
		{951BA517-9FF1-4FA3-BEE8-9ED915E49E61}.Ad-Hoc|Any CPU.ActiveCfg = Debug|Any CPU
		{951BA517-9FF1-4FA3-BEE8-9ED915E49E61}.Ad-Hoc|Any CPU.Build.0 = Debug|Any CPU
		{951BA517-9FF1-4FA3-BEE8-9ED915E49E61}.Ad-Hoc|ARM.ActiveCfg = Debug|Any CPU
		{951BA517-9FF1-4FA3-BEE8-9ED915E49E61}.Ad-Hoc|ARM.Build.0 = Debug|Any CPU
		{951BA517-9FF1-4FA3-BEE8-9ED915E49E61}.Ad-Hoc|ARM64.ActiveCfg = Release|Any CPU
		{951BA517-9FF1-4FA3-BEE8-9ED915E49E61}.Ad-Hoc|ARM64.Build.0 = Release|Any CPU
		{951BA517-9FF1-4FA3-BEE8-9ED915E49E61}.Ad-Hoc|iPhone.ActiveCfg = Debug|Any CPU
		{951BA517-9FF1-4FA3-BEE8-9ED915E49E61}.Ad-Hoc|iPhone.Build.0 = Debug|Any CPU
		{951BA517-9FF1-4FA3-BEE8-9ED915E49E61}.Ad-Hoc|iPhoneSimulator.ActiveCfg = Debug|Any CPU
		{951BA517-9FF1-4FA3-BEE8-9ED915E49E61}.Ad-Hoc|iPhoneSimulator.Build.0 = Debug|Any CPU
		{951BA517-9FF1-4FA3-BEE8-9ED915E49E61}.Ad-Hoc|x64.ActiveCfg = Debug|Any CPU
		{951BA517-9FF1-4FA3-BEE8-9ED915E49E61}.Ad-Hoc|x64.Build.0 = Debug|Any CPU
		{951BA517-9FF1-4FA3-BEE8-9ED915E49E61}.Ad-Hoc|x86.ActiveCfg = Debug|Any CPU
		{951BA517-9FF1-4FA3-BEE8-9ED915E49E61}.Ad-Hoc|x86.Build.0 = Debug|Any CPU
		{951BA517-9FF1-4FA3-BEE8-9ED915E49E61}.AppStore|Any CPU.ActiveCfg = Debug|Any CPU
		{951BA517-9FF1-4FA3-BEE8-9ED915E49E61}.AppStore|Any CPU.Build.0 = Debug|Any CPU
		{951BA517-9FF1-4FA3-BEE8-9ED915E49E61}.AppStore|ARM.ActiveCfg = Debug|Any CPU
		{951BA517-9FF1-4FA3-BEE8-9ED915E49E61}.AppStore|ARM.Build.0 = Debug|Any CPU
		{951BA517-9FF1-4FA3-BEE8-9ED915E49E61}.AppStore|ARM64.ActiveCfg = Release|Any CPU
		{951BA517-9FF1-4FA3-BEE8-9ED915E49E61}.AppStore|ARM64.Build.0 = Release|Any CPU
		{951BA517-9FF1-4FA3-BEE8-9ED915E49E61}.AppStore|iPhone.ActiveCfg = Debug|Any CPU
		{951BA517-9FF1-4FA3-BEE8-9ED915E49E61}.AppStore|iPhone.Build.0 = Debug|Any CPU
		{951BA517-9FF1-4FA3-BEE8-9ED915E49E61}.AppStore|iPhoneSimulator.ActiveCfg = Debug|Any CPU
		{951BA517-9FF1-4FA3-BEE8-9ED915E49E61}.AppStore|iPhoneSimulator.Build.0 = Debug|Any CPU
		{951BA517-9FF1-4FA3-BEE8-9ED915E49E61}.AppStore|x64.ActiveCfg = Debug|Any CPU
		{951BA517-9FF1-4FA3-BEE8-9ED915E49E61}.AppStore|x64.Build.0 = Debug|Any CPU
		{951BA517-9FF1-4FA3-BEE8-9ED915E49E61}.AppStore|x86.ActiveCfg = Debug|Any CPU
		{951BA517-9FF1-4FA3-BEE8-9ED915E49E61}.AppStore|x86.Build.0 = Debug|Any CPU
		{951BA517-9FF1-4FA3-BEE8-9ED915E49E61}.Debug|Any CPU.ActiveCfg = Debug|Any CPU
		{951BA517-9FF1-4FA3-BEE8-9ED915E49E61}.Debug|Any CPU.Build.0 = Debug|Any CPU
		{951BA517-9FF1-4FA3-BEE8-9ED915E49E61}.Debug|ARM.ActiveCfg = Debug|Any CPU
		{951BA517-9FF1-4FA3-BEE8-9ED915E49E61}.Debug|ARM.Build.0 = Debug|Any CPU
		{951BA517-9FF1-4FA3-BEE8-9ED915E49E61}.Debug|ARM64.ActiveCfg = Debug|Any CPU
		{951BA517-9FF1-4FA3-BEE8-9ED915E49E61}.Debug|ARM64.Build.0 = Debug|Any CPU
		{951BA517-9FF1-4FA3-BEE8-9ED915E49E61}.Debug|iPhone.ActiveCfg = Debug|Any CPU
		{951BA517-9FF1-4FA3-BEE8-9ED915E49E61}.Debug|iPhone.Build.0 = Debug|Any CPU
		{951BA517-9FF1-4FA3-BEE8-9ED915E49E61}.Debug|iPhoneSimulator.ActiveCfg = Debug|Any CPU
		{951BA517-9FF1-4FA3-BEE8-9ED915E49E61}.Debug|iPhoneSimulator.Build.0 = Debug|Any CPU
		{951BA517-9FF1-4FA3-BEE8-9ED915E49E61}.Debug|x64.ActiveCfg = Debug|Any CPU
		{951BA517-9FF1-4FA3-BEE8-9ED915E49E61}.Debug|x64.Build.0 = Debug|Any CPU
		{951BA517-9FF1-4FA3-BEE8-9ED915E49E61}.Debug|x86.ActiveCfg = Debug|Any CPU
		{951BA517-9FF1-4FA3-BEE8-9ED915E49E61}.Debug|x86.Build.0 = Debug|Any CPU
		{951BA517-9FF1-4FA3-BEE8-9ED915E49E61}.Release|Any CPU.ActiveCfg = Release|Any CPU
		{951BA517-9FF1-4FA3-BEE8-9ED915E49E61}.Release|Any CPU.Build.0 = Release|Any CPU
		{951BA517-9FF1-4FA3-BEE8-9ED915E49E61}.Release|ARM.ActiveCfg = Release|Any CPU
		{951BA517-9FF1-4FA3-BEE8-9ED915E49E61}.Release|ARM.Build.0 = Release|Any CPU
		{951BA517-9FF1-4FA3-BEE8-9ED915E49E61}.Release|ARM64.ActiveCfg = Release|Any CPU
		{951BA517-9FF1-4FA3-BEE8-9ED915E49E61}.Release|ARM64.Build.0 = Release|Any CPU
		{951BA517-9FF1-4FA3-BEE8-9ED915E49E61}.Release|iPhone.ActiveCfg = Release|Any CPU
		{951BA517-9FF1-4FA3-BEE8-9ED915E49E61}.Release|iPhone.Build.0 = Release|Any CPU
		{951BA517-9FF1-4FA3-BEE8-9ED915E49E61}.Release|iPhoneSimulator.ActiveCfg = Release|Any CPU
		{951BA517-9FF1-4FA3-BEE8-9ED915E49E61}.Release|iPhoneSimulator.Build.0 = Release|Any CPU
		{951BA517-9FF1-4FA3-BEE8-9ED915E49E61}.Release|x64.ActiveCfg = Release|Any CPU
		{951BA517-9FF1-4FA3-BEE8-9ED915E49E61}.Release|x64.Build.0 = Release|Any CPU
		{951BA517-9FF1-4FA3-BEE8-9ED915E49E61}.Release|x86.ActiveCfg = Release|Any CPU
		{951BA517-9FF1-4FA3-BEE8-9ED915E49E61}.Release|x86.Build.0 = Release|Any CPU
		{87BA0B8C-4440-4FC7-929E-84DA996E6F56}.Ad-Hoc|Any CPU.ActiveCfg = Debug|Any CPU
		{87BA0B8C-4440-4FC7-929E-84DA996E6F56}.Ad-Hoc|Any CPU.Build.0 = Debug|Any CPU
		{87BA0B8C-4440-4FC7-929E-84DA996E6F56}.Ad-Hoc|ARM.ActiveCfg = Debug|Any CPU
		{87BA0B8C-4440-4FC7-929E-84DA996E6F56}.Ad-Hoc|ARM.Build.0 = Debug|Any CPU
		{87BA0B8C-4440-4FC7-929E-84DA996E6F56}.Ad-Hoc|ARM64.ActiveCfg = Release|Any CPU
		{87BA0B8C-4440-4FC7-929E-84DA996E6F56}.Ad-Hoc|ARM64.Build.0 = Release|Any CPU
		{87BA0B8C-4440-4FC7-929E-84DA996E6F56}.Ad-Hoc|iPhone.ActiveCfg = Debug|Any CPU
		{87BA0B8C-4440-4FC7-929E-84DA996E6F56}.Ad-Hoc|iPhone.Build.0 = Debug|Any CPU
		{87BA0B8C-4440-4FC7-929E-84DA996E6F56}.Ad-Hoc|iPhoneSimulator.ActiveCfg = Debug|Any CPU
		{87BA0B8C-4440-4FC7-929E-84DA996E6F56}.Ad-Hoc|iPhoneSimulator.Build.0 = Debug|Any CPU
		{87BA0B8C-4440-4FC7-929E-84DA996E6F56}.Ad-Hoc|x64.ActiveCfg = Debug|Any CPU
		{87BA0B8C-4440-4FC7-929E-84DA996E6F56}.Ad-Hoc|x64.Build.0 = Debug|Any CPU
		{87BA0B8C-4440-4FC7-929E-84DA996E6F56}.Ad-Hoc|x86.ActiveCfg = Debug|Any CPU
		{87BA0B8C-4440-4FC7-929E-84DA996E6F56}.Ad-Hoc|x86.Build.0 = Debug|Any CPU
		{87BA0B8C-4440-4FC7-929E-84DA996E6F56}.AppStore|Any CPU.ActiveCfg = Debug|Any CPU
		{87BA0B8C-4440-4FC7-929E-84DA996E6F56}.AppStore|Any CPU.Build.0 = Debug|Any CPU
		{87BA0B8C-4440-4FC7-929E-84DA996E6F56}.AppStore|ARM.ActiveCfg = Debug|Any CPU
		{87BA0B8C-4440-4FC7-929E-84DA996E6F56}.AppStore|ARM.Build.0 = Debug|Any CPU
		{87BA0B8C-4440-4FC7-929E-84DA996E6F56}.AppStore|ARM64.ActiveCfg = Release|Any CPU
		{87BA0B8C-4440-4FC7-929E-84DA996E6F56}.AppStore|ARM64.Build.0 = Release|Any CPU
		{87BA0B8C-4440-4FC7-929E-84DA996E6F56}.AppStore|iPhone.ActiveCfg = Debug|Any CPU
		{87BA0B8C-4440-4FC7-929E-84DA996E6F56}.AppStore|iPhone.Build.0 = Debug|Any CPU
		{87BA0B8C-4440-4FC7-929E-84DA996E6F56}.AppStore|iPhoneSimulator.ActiveCfg = Debug|Any CPU
		{87BA0B8C-4440-4FC7-929E-84DA996E6F56}.AppStore|iPhoneSimulator.Build.0 = Debug|Any CPU
		{87BA0B8C-4440-4FC7-929E-84DA996E6F56}.AppStore|x64.ActiveCfg = Debug|Any CPU
		{87BA0B8C-4440-4FC7-929E-84DA996E6F56}.AppStore|x64.Build.0 = Debug|Any CPU
		{87BA0B8C-4440-4FC7-929E-84DA996E6F56}.AppStore|x86.ActiveCfg = Debug|Any CPU
		{87BA0B8C-4440-4FC7-929E-84DA996E6F56}.AppStore|x86.Build.0 = Debug|Any CPU
		{87BA0B8C-4440-4FC7-929E-84DA996E6F56}.Debug|Any CPU.ActiveCfg = Debug|Any CPU
		{87BA0B8C-4440-4FC7-929E-84DA996E6F56}.Debug|Any CPU.Build.0 = Debug|Any CPU
		{87BA0B8C-4440-4FC7-929E-84DA996E6F56}.Debug|ARM.ActiveCfg = Debug|Any CPU
		{87BA0B8C-4440-4FC7-929E-84DA996E6F56}.Debug|ARM.Build.0 = Debug|Any CPU
		{87BA0B8C-4440-4FC7-929E-84DA996E6F56}.Debug|ARM64.ActiveCfg = Debug|Any CPU
		{87BA0B8C-4440-4FC7-929E-84DA996E6F56}.Debug|ARM64.Build.0 = Debug|Any CPU
		{87BA0B8C-4440-4FC7-929E-84DA996E6F56}.Debug|iPhone.ActiveCfg = Debug|Any CPU
		{87BA0B8C-4440-4FC7-929E-84DA996E6F56}.Debug|iPhone.Build.0 = Debug|Any CPU
		{87BA0B8C-4440-4FC7-929E-84DA996E6F56}.Debug|iPhoneSimulator.ActiveCfg = Debug|Any CPU
		{87BA0B8C-4440-4FC7-929E-84DA996E6F56}.Debug|iPhoneSimulator.Build.0 = Debug|Any CPU
		{87BA0B8C-4440-4FC7-929E-84DA996E6F56}.Debug|x64.ActiveCfg = Debug|Any CPU
		{87BA0B8C-4440-4FC7-929E-84DA996E6F56}.Debug|x64.Build.0 = Debug|Any CPU
		{87BA0B8C-4440-4FC7-929E-84DA996E6F56}.Debug|x86.ActiveCfg = Debug|Any CPU
		{87BA0B8C-4440-4FC7-929E-84DA996E6F56}.Debug|x86.Build.0 = Debug|Any CPU
		{87BA0B8C-4440-4FC7-929E-84DA996E6F56}.Release|Any CPU.ActiveCfg = Release|Any CPU
		{87BA0B8C-4440-4FC7-929E-84DA996E6F56}.Release|Any CPU.Build.0 = Release|Any CPU
		{87BA0B8C-4440-4FC7-929E-84DA996E6F56}.Release|ARM.ActiveCfg = Release|Any CPU
		{87BA0B8C-4440-4FC7-929E-84DA996E6F56}.Release|ARM.Build.0 = Release|Any CPU
		{87BA0B8C-4440-4FC7-929E-84DA996E6F56}.Release|ARM64.ActiveCfg = Release|Any CPU
		{87BA0B8C-4440-4FC7-929E-84DA996E6F56}.Release|ARM64.Build.0 = Release|Any CPU
		{87BA0B8C-4440-4FC7-929E-84DA996E6F56}.Release|iPhone.ActiveCfg = Release|Any CPU
		{87BA0B8C-4440-4FC7-929E-84DA996E6F56}.Release|iPhone.Build.0 = Release|Any CPU
		{87BA0B8C-4440-4FC7-929E-84DA996E6F56}.Release|iPhoneSimulator.ActiveCfg = Release|Any CPU
		{87BA0B8C-4440-4FC7-929E-84DA996E6F56}.Release|iPhoneSimulator.Build.0 = Release|Any CPU
		{87BA0B8C-4440-4FC7-929E-84DA996E6F56}.Release|x64.ActiveCfg = Release|Any CPU
		{87BA0B8C-4440-4FC7-929E-84DA996E6F56}.Release|x64.Build.0 = Release|Any CPU
		{87BA0B8C-4440-4FC7-929E-84DA996E6F56}.Release|x86.ActiveCfg = Release|Any CPU
		{87BA0B8C-4440-4FC7-929E-84DA996E6F56}.Release|x86.Build.0 = Release|Any CPU
		{E9E0A681-B6FF-4E76-8BE0-5646531E65BB}.Ad-Hoc|Any CPU.ActiveCfg = Release|Any CPU
		{E9E0A681-B6FF-4E76-8BE0-5646531E65BB}.Ad-Hoc|Any CPU.Build.0 = Release|Any CPU
		{E9E0A681-B6FF-4E76-8BE0-5646531E65BB}.Ad-Hoc|ARM.ActiveCfg = Release|Any CPU
		{E9E0A681-B6FF-4E76-8BE0-5646531E65BB}.Ad-Hoc|ARM.Build.0 = Release|Any CPU
		{E9E0A681-B6FF-4E76-8BE0-5646531E65BB}.Ad-Hoc|ARM64.ActiveCfg = Debug|Any CPU
		{E9E0A681-B6FF-4E76-8BE0-5646531E65BB}.Ad-Hoc|ARM64.Build.0 = Debug|Any CPU
		{E9E0A681-B6FF-4E76-8BE0-5646531E65BB}.Ad-Hoc|iPhone.ActiveCfg = Release|Any CPU
		{E9E0A681-B6FF-4E76-8BE0-5646531E65BB}.Ad-Hoc|iPhone.Build.0 = Release|Any CPU
		{E9E0A681-B6FF-4E76-8BE0-5646531E65BB}.Ad-Hoc|iPhoneSimulator.ActiveCfg = Release|Any CPU
		{E9E0A681-B6FF-4E76-8BE0-5646531E65BB}.Ad-Hoc|iPhoneSimulator.Build.0 = Release|Any CPU
		{E9E0A681-B6FF-4E76-8BE0-5646531E65BB}.Ad-Hoc|x64.ActiveCfg = Release|Any CPU
		{E9E0A681-B6FF-4E76-8BE0-5646531E65BB}.Ad-Hoc|x64.Build.0 = Release|Any CPU
		{E9E0A681-B6FF-4E76-8BE0-5646531E65BB}.Ad-Hoc|x86.ActiveCfg = Release|Any CPU
		{E9E0A681-B6FF-4E76-8BE0-5646531E65BB}.Ad-Hoc|x86.Build.0 = Release|Any CPU
		{E9E0A681-B6FF-4E76-8BE0-5646531E65BB}.AppStore|Any CPU.ActiveCfg = Release|Any CPU
		{E9E0A681-B6FF-4E76-8BE0-5646531E65BB}.AppStore|Any CPU.Build.0 = Release|Any CPU
		{E9E0A681-B6FF-4E76-8BE0-5646531E65BB}.AppStore|ARM.ActiveCfg = Release|Any CPU
		{E9E0A681-B6FF-4E76-8BE0-5646531E65BB}.AppStore|ARM.Build.0 = Release|Any CPU
		{E9E0A681-B6FF-4E76-8BE0-5646531E65BB}.AppStore|ARM64.ActiveCfg = Debug|Any CPU
		{E9E0A681-B6FF-4E76-8BE0-5646531E65BB}.AppStore|ARM64.Build.0 = Debug|Any CPU
		{E9E0A681-B6FF-4E76-8BE0-5646531E65BB}.AppStore|iPhone.ActiveCfg = Release|Any CPU
		{E9E0A681-B6FF-4E76-8BE0-5646531E65BB}.AppStore|iPhone.Build.0 = Release|Any CPU
		{E9E0A681-B6FF-4E76-8BE0-5646531E65BB}.AppStore|iPhoneSimulator.ActiveCfg = Release|Any CPU
		{E9E0A681-B6FF-4E76-8BE0-5646531E65BB}.AppStore|iPhoneSimulator.Build.0 = Release|Any CPU
		{E9E0A681-B6FF-4E76-8BE0-5646531E65BB}.AppStore|x64.ActiveCfg = Release|Any CPU
		{E9E0A681-B6FF-4E76-8BE0-5646531E65BB}.AppStore|x64.Build.0 = Release|Any CPU
		{E9E0A681-B6FF-4E76-8BE0-5646531E65BB}.AppStore|x86.ActiveCfg = Release|Any CPU
		{E9E0A681-B6FF-4E76-8BE0-5646531E65BB}.AppStore|x86.Build.0 = Release|Any CPU
		{E9E0A681-B6FF-4E76-8BE0-5646531E65BB}.Debug|Any CPU.ActiveCfg = Debug|Any CPU
		{E9E0A681-B6FF-4E76-8BE0-5646531E65BB}.Debug|Any CPU.Build.0 = Debug|Any CPU
		{E9E0A681-B6FF-4E76-8BE0-5646531E65BB}.Debug|ARM.ActiveCfg = Debug|Any CPU
		{E9E0A681-B6FF-4E76-8BE0-5646531E65BB}.Debug|ARM.Build.0 = Debug|Any CPU
		{E9E0A681-B6FF-4E76-8BE0-5646531E65BB}.Debug|ARM64.ActiveCfg = Debug|Any CPU
		{E9E0A681-B6FF-4E76-8BE0-5646531E65BB}.Debug|ARM64.Build.0 = Debug|Any CPU
		{E9E0A681-B6FF-4E76-8BE0-5646531E65BB}.Debug|iPhone.ActiveCfg = Debug|Any CPU
		{E9E0A681-B6FF-4E76-8BE0-5646531E65BB}.Debug|iPhone.Build.0 = Debug|Any CPU
		{E9E0A681-B6FF-4E76-8BE0-5646531E65BB}.Debug|iPhoneSimulator.ActiveCfg = Debug|Any CPU
		{E9E0A681-B6FF-4E76-8BE0-5646531E65BB}.Debug|iPhoneSimulator.Build.0 = Debug|Any CPU
		{E9E0A681-B6FF-4E76-8BE0-5646531E65BB}.Debug|x64.ActiveCfg = Debug|Any CPU
		{E9E0A681-B6FF-4E76-8BE0-5646531E65BB}.Debug|x64.Build.0 = Debug|Any CPU
		{E9E0A681-B6FF-4E76-8BE0-5646531E65BB}.Debug|x86.ActiveCfg = Debug|Any CPU
		{E9E0A681-B6FF-4E76-8BE0-5646531E65BB}.Debug|x86.Build.0 = Debug|Any CPU
		{E9E0A681-B6FF-4E76-8BE0-5646531E65BB}.Release|Any CPU.ActiveCfg = Release|Any CPU
		{E9E0A681-B6FF-4E76-8BE0-5646531E65BB}.Release|Any CPU.Build.0 = Release|Any CPU
		{E9E0A681-B6FF-4E76-8BE0-5646531E65BB}.Release|ARM.ActiveCfg = Release|Any CPU
		{E9E0A681-B6FF-4E76-8BE0-5646531E65BB}.Release|ARM.Build.0 = Release|Any CPU
		{E9E0A681-B6FF-4E76-8BE0-5646531E65BB}.Release|ARM64.ActiveCfg = Release|Any CPU
		{E9E0A681-B6FF-4E76-8BE0-5646531E65BB}.Release|ARM64.Build.0 = Release|Any CPU
		{E9E0A681-B6FF-4E76-8BE0-5646531E65BB}.Release|iPhone.ActiveCfg = Release|Any CPU
		{E9E0A681-B6FF-4E76-8BE0-5646531E65BB}.Release|iPhone.Build.0 = Release|Any CPU
		{E9E0A681-B6FF-4E76-8BE0-5646531E65BB}.Release|iPhoneSimulator.ActiveCfg = Release|Any CPU
		{E9E0A681-B6FF-4E76-8BE0-5646531E65BB}.Release|iPhoneSimulator.Build.0 = Release|Any CPU
		{E9E0A681-B6FF-4E76-8BE0-5646531E65BB}.Release|x64.ActiveCfg = Release|Any CPU
		{E9E0A681-B6FF-4E76-8BE0-5646531E65BB}.Release|x64.Build.0 = Release|Any CPU
		{E9E0A681-B6FF-4E76-8BE0-5646531E65BB}.Release|x86.ActiveCfg = Release|Any CPU
		{E9E0A681-B6FF-4E76-8BE0-5646531E65BB}.Release|x86.Build.0 = Release|Any CPU
		{F0C1644F-2E23-46BE-BC73-998663E775EC}.Ad-Hoc|Any CPU.ActiveCfg = Release|Any CPU
		{F0C1644F-2E23-46BE-BC73-998663E775EC}.Ad-Hoc|ARM.ActiveCfg = Release|Any CPU
		{F0C1644F-2E23-46BE-BC73-998663E775EC}.Ad-Hoc|ARM64.ActiveCfg = Debug|Any CPU
		{F0C1644F-2E23-46BE-BC73-998663E775EC}.Ad-Hoc|ARM64.Build.0 = Debug|Any CPU
		{F0C1644F-2E23-46BE-BC73-998663E775EC}.Ad-Hoc|iPhone.ActiveCfg = Release|Any CPU
		{F0C1644F-2E23-46BE-BC73-998663E775EC}.Ad-Hoc|iPhoneSimulator.ActiveCfg = Release|Any CPU
		{F0C1644F-2E23-46BE-BC73-998663E775EC}.Ad-Hoc|x64.ActiveCfg = Release|Any CPU
		{F0C1644F-2E23-46BE-BC73-998663E775EC}.Ad-Hoc|x86.ActiveCfg = Release|Any CPU
		{F0C1644F-2E23-46BE-BC73-998663E775EC}.AppStore|Any CPU.ActiveCfg = Release|Any CPU
		{F0C1644F-2E23-46BE-BC73-998663E775EC}.AppStore|ARM.ActiveCfg = Release|Any CPU
		{F0C1644F-2E23-46BE-BC73-998663E775EC}.AppStore|ARM64.ActiveCfg = Debug|Any CPU
		{F0C1644F-2E23-46BE-BC73-998663E775EC}.AppStore|ARM64.Build.0 = Debug|Any CPU
		{F0C1644F-2E23-46BE-BC73-998663E775EC}.AppStore|iPhone.ActiveCfg = Release|Any CPU
		{F0C1644F-2E23-46BE-BC73-998663E775EC}.AppStore|iPhoneSimulator.ActiveCfg = Release|Any CPU
		{F0C1644F-2E23-46BE-BC73-998663E775EC}.AppStore|x64.ActiveCfg = Release|Any CPU
		{F0C1644F-2E23-46BE-BC73-998663E775EC}.AppStore|x86.ActiveCfg = Release|Any CPU
		{F0C1644F-2E23-46BE-BC73-998663E775EC}.Debug|Any CPU.ActiveCfg = Debug|Any CPU
		{F0C1644F-2E23-46BE-BC73-998663E775EC}.Debug|Any CPU.Build.0 = Debug|Any CPU
		{F0C1644F-2E23-46BE-BC73-998663E775EC}.Debug|ARM.ActiveCfg = Debug|Any CPU
		{F0C1644F-2E23-46BE-BC73-998663E775EC}.Debug|ARM64.ActiveCfg = Debug|Any CPU
		{F0C1644F-2E23-46BE-BC73-998663E775EC}.Debug|ARM64.Build.0 = Debug|Any CPU
		{F0C1644F-2E23-46BE-BC73-998663E775EC}.Debug|iPhone.ActiveCfg = Debug|Any CPU
		{F0C1644F-2E23-46BE-BC73-998663E775EC}.Debug|iPhoneSimulator.ActiveCfg = Debug|Any CPU
		{F0C1644F-2E23-46BE-BC73-998663E775EC}.Debug|x64.ActiveCfg = Debug|Any CPU
		{F0C1644F-2E23-46BE-BC73-998663E775EC}.Debug|x86.ActiveCfg = Debug|Any CPU
		{F0C1644F-2E23-46BE-BC73-998663E775EC}.Release|Any CPU.ActiveCfg = Release|Any CPU
		{F0C1644F-2E23-46BE-BC73-998663E775EC}.Release|Any CPU.Build.0 = Release|Any CPU
		{F0C1644F-2E23-46BE-BC73-998663E775EC}.Release|ARM.ActiveCfg = Release|Any CPU
		{F0C1644F-2E23-46BE-BC73-998663E775EC}.Release|ARM64.ActiveCfg = Release|Any CPU
		{F0C1644F-2E23-46BE-BC73-998663E775EC}.Release|ARM64.Build.0 = Release|Any CPU
		{F0C1644F-2E23-46BE-BC73-998663E775EC}.Release|iPhone.ActiveCfg = Release|Any CPU
		{F0C1644F-2E23-46BE-BC73-998663E775EC}.Release|iPhoneSimulator.ActiveCfg = Release|Any CPU
		{F0C1644F-2E23-46BE-BC73-998663E775EC}.Release|x64.ActiveCfg = Release|Any CPU
		{F0C1644F-2E23-46BE-BC73-998663E775EC}.Release|x86.ActiveCfg = Release|Any CPU
		{F1EC2921-EBDA-40C5-906D-B30EC5F5F1F5}.Ad-Hoc|Any CPU.ActiveCfg = Release|Any CPU
		{F1EC2921-EBDA-40C5-906D-B30EC5F5F1F5}.Ad-Hoc|ARM.ActiveCfg = Release|Any CPU
		{F1EC2921-EBDA-40C5-906D-B30EC5F5F1F5}.Ad-Hoc|ARM64.ActiveCfg = Debug|Any CPU
		{F1EC2921-EBDA-40C5-906D-B30EC5F5F1F5}.Ad-Hoc|ARM64.Build.0 = Debug|Any CPU
		{F1EC2921-EBDA-40C5-906D-B30EC5F5F1F5}.Ad-Hoc|iPhone.ActiveCfg = Release|Any CPU
		{F1EC2921-EBDA-40C5-906D-B30EC5F5F1F5}.Ad-Hoc|iPhoneSimulator.ActiveCfg = Release|Any CPU
		{F1EC2921-EBDA-40C5-906D-B30EC5F5F1F5}.Ad-Hoc|x64.ActiveCfg = Release|Any CPU
		{F1EC2921-EBDA-40C5-906D-B30EC5F5F1F5}.Ad-Hoc|x86.ActiveCfg = Release|Any CPU
		{F1EC2921-EBDA-40C5-906D-B30EC5F5F1F5}.AppStore|Any CPU.ActiveCfg = Release|Any CPU
		{F1EC2921-EBDA-40C5-906D-B30EC5F5F1F5}.AppStore|ARM.ActiveCfg = Release|Any CPU
		{F1EC2921-EBDA-40C5-906D-B30EC5F5F1F5}.AppStore|ARM64.ActiveCfg = Debug|Any CPU
		{F1EC2921-EBDA-40C5-906D-B30EC5F5F1F5}.AppStore|ARM64.Build.0 = Debug|Any CPU
		{F1EC2921-EBDA-40C5-906D-B30EC5F5F1F5}.AppStore|iPhone.ActiveCfg = Release|Any CPU
		{F1EC2921-EBDA-40C5-906D-B30EC5F5F1F5}.AppStore|iPhoneSimulator.ActiveCfg = Release|Any CPU
		{F1EC2921-EBDA-40C5-906D-B30EC5F5F1F5}.AppStore|x64.ActiveCfg = Release|Any CPU
		{F1EC2921-EBDA-40C5-906D-B30EC5F5F1F5}.AppStore|x86.ActiveCfg = Release|Any CPU
		{F1EC2921-EBDA-40C5-906D-B30EC5F5F1F5}.Debug|Any CPU.ActiveCfg = Debug|Any CPU
		{F1EC2921-EBDA-40C5-906D-B30EC5F5F1F5}.Debug|Any CPU.Build.0 = Debug|Any CPU
		{F1EC2921-EBDA-40C5-906D-B30EC5F5F1F5}.Debug|ARM.ActiveCfg = Debug|Any CPU
		{F1EC2921-EBDA-40C5-906D-B30EC5F5F1F5}.Debug|ARM64.ActiveCfg = Debug|Any CPU
		{F1EC2921-EBDA-40C5-906D-B30EC5F5F1F5}.Debug|ARM64.Build.0 = Debug|Any CPU
		{F1EC2921-EBDA-40C5-906D-B30EC5F5F1F5}.Debug|iPhone.ActiveCfg = Debug|Any CPU
		{F1EC2921-EBDA-40C5-906D-B30EC5F5F1F5}.Debug|iPhoneSimulator.ActiveCfg = Debug|Any CPU
		{F1EC2921-EBDA-40C5-906D-B30EC5F5F1F5}.Debug|x64.ActiveCfg = Debug|Any CPU
		{F1EC2921-EBDA-40C5-906D-B30EC5F5F1F5}.Debug|x86.ActiveCfg = Debug|Any CPU
		{F1EC2921-EBDA-40C5-906D-B30EC5F5F1F5}.Release|Any CPU.ActiveCfg = Release|Any CPU
		{F1EC2921-EBDA-40C5-906D-B30EC5F5F1F5}.Release|Any CPU.Build.0 = Release|Any CPU
		{F1EC2921-EBDA-40C5-906D-B30EC5F5F1F5}.Release|ARM.ActiveCfg = Release|Any CPU
		{F1EC2921-EBDA-40C5-906D-B30EC5F5F1F5}.Release|ARM64.ActiveCfg = Release|Any CPU
		{F1EC2921-EBDA-40C5-906D-B30EC5F5F1F5}.Release|ARM64.Build.0 = Release|Any CPU
		{F1EC2921-EBDA-40C5-906D-B30EC5F5F1F5}.Release|iPhone.ActiveCfg = Release|Any CPU
		{F1EC2921-EBDA-40C5-906D-B30EC5F5F1F5}.Release|iPhoneSimulator.ActiveCfg = Release|Any CPU
		{F1EC2921-EBDA-40C5-906D-B30EC5F5F1F5}.Release|x64.ActiveCfg = Release|Any CPU
		{F1EC2921-EBDA-40C5-906D-B30EC5F5F1F5}.Release|x86.ActiveCfg = Release|Any CPU
		{16988849-23C6-47DF-A22F-3C5EFC558543}.Ad-Hoc|Any CPU.ActiveCfg = Release|Any CPU
		{16988849-23C6-47DF-A22F-3C5EFC558543}.Ad-Hoc|ARM.ActiveCfg = Release|Any CPU
		{16988849-23C6-47DF-A22F-3C5EFC558543}.Ad-Hoc|ARM64.ActiveCfg = Debug|Any CPU
		{16988849-23C6-47DF-A22F-3C5EFC558543}.Ad-Hoc|ARM64.Build.0 = Debug|Any CPU
		{16988849-23C6-47DF-A22F-3C5EFC558543}.Ad-Hoc|iPhone.ActiveCfg = Release|Any CPU
		{16988849-23C6-47DF-A22F-3C5EFC558543}.Ad-Hoc|iPhoneSimulator.ActiveCfg = Release|Any CPU
		{16988849-23C6-47DF-A22F-3C5EFC558543}.Ad-Hoc|x64.ActiveCfg = Release|Any CPU
		{16988849-23C6-47DF-A22F-3C5EFC558543}.Ad-Hoc|x86.ActiveCfg = Release|Any CPU
		{16988849-23C6-47DF-A22F-3C5EFC558543}.AppStore|Any CPU.ActiveCfg = Release|Any CPU
		{16988849-23C6-47DF-A22F-3C5EFC558543}.AppStore|ARM.ActiveCfg = Release|Any CPU
		{16988849-23C6-47DF-A22F-3C5EFC558543}.AppStore|ARM64.ActiveCfg = Debug|Any CPU
		{16988849-23C6-47DF-A22F-3C5EFC558543}.AppStore|ARM64.Build.0 = Debug|Any CPU
		{16988849-23C6-47DF-A22F-3C5EFC558543}.AppStore|iPhone.ActiveCfg = Release|Any CPU
		{16988849-23C6-47DF-A22F-3C5EFC558543}.AppStore|iPhoneSimulator.ActiveCfg = Release|Any CPU
		{16988849-23C6-47DF-A22F-3C5EFC558543}.AppStore|x64.ActiveCfg = Release|Any CPU
		{16988849-23C6-47DF-A22F-3C5EFC558543}.AppStore|x86.ActiveCfg = Release|Any CPU
		{16988849-23C6-47DF-A22F-3C5EFC558543}.Debug|Any CPU.ActiveCfg = Debug|Any CPU
		{16988849-23C6-47DF-A22F-3C5EFC558543}.Debug|Any CPU.Build.0 = Debug|Any CPU
		{16988849-23C6-47DF-A22F-3C5EFC558543}.Debug|ARM.ActiveCfg = Debug|Any CPU
		{16988849-23C6-47DF-A22F-3C5EFC558543}.Debug|ARM64.ActiveCfg = Debug|Any CPU
		{16988849-23C6-47DF-A22F-3C5EFC558543}.Debug|ARM64.Build.0 = Debug|Any CPU
		{16988849-23C6-47DF-A22F-3C5EFC558543}.Debug|iPhone.ActiveCfg = Debug|Any CPU
		{16988849-23C6-47DF-A22F-3C5EFC558543}.Debug|iPhoneSimulator.ActiveCfg = Debug|Any CPU
		{16988849-23C6-47DF-A22F-3C5EFC558543}.Debug|x64.ActiveCfg = Debug|Any CPU
		{16988849-23C6-47DF-A22F-3C5EFC558543}.Debug|x86.ActiveCfg = Debug|Any CPU
		{16988849-23C6-47DF-A22F-3C5EFC558543}.Release|Any CPU.ActiveCfg = Release|Any CPU
		{16988849-23C6-47DF-A22F-3C5EFC558543}.Release|Any CPU.Build.0 = Release|Any CPU
		{16988849-23C6-47DF-A22F-3C5EFC558543}.Release|ARM.ActiveCfg = Release|Any CPU
		{16988849-23C6-47DF-A22F-3C5EFC558543}.Release|ARM64.ActiveCfg = Release|Any CPU
		{16988849-23C6-47DF-A22F-3C5EFC558543}.Release|ARM64.Build.0 = Release|Any CPU
		{16988849-23C6-47DF-A22F-3C5EFC558543}.Release|iPhone.ActiveCfg = Release|Any CPU
		{16988849-23C6-47DF-A22F-3C5EFC558543}.Release|iPhoneSimulator.ActiveCfg = Release|Any CPU
		{16988849-23C6-47DF-A22F-3C5EFC558543}.Release|x64.ActiveCfg = Release|Any CPU
		{16988849-23C6-47DF-A22F-3C5EFC558543}.Release|x86.ActiveCfg = Release|Any CPU
	EndGlobalSection
	GlobalSection(SolutionProperties) = preSolution
		HideSolutionNode = FALSE
	EndGlobalSection
	GlobalSection(NestedProjects) = preSolution
		{E9E0A681-B6FF-4E76-8BE0-5646531E65BB} = {7AA704E7-7D2A-4AAB-BC18-1D99A4434624}
		{F0C1644F-2E23-46BE-BC73-998663E775EC} = {7AA704E7-7D2A-4AAB-BC18-1D99A4434624}
		{F1EC2921-EBDA-40C5-906D-B30EC5F5F1F5} = {7AA704E7-7D2A-4AAB-BC18-1D99A4434624}
		{16988849-23C6-47DF-A22F-3C5EFC558543} = {7AA704E7-7D2A-4AAB-BC18-1D99A4434624}
	EndGlobalSection
	GlobalSection(ExtensibilityGlobals) = postSolution
		SolutionGuid = {8036FB13-F491-4C14-A31F-1440B2E8D175}
	EndGlobalSection
EndGlobal
